
Microsoft Visual Studio Solution File, Format Version 12.00
# Visual Studio Version 17
VisualStudioVersion = 17.7.34031.279
MinimumVisualStudioVersion = 10.0.40219.1
Project("{FAE04EC0-301F-11D3-BF4B-00C04F79EFBC}") = "Test", "Test\Test.csproj", "{63786062-4685-460D-90E0-7DABF456BAAA}"
EndProject
Global
	GlobalSection(SolutionConfigurationPlatforms) = preSolution
		Debug|Any CPU = Debug|Any CPU
		Release|Any CPU = Release|Any CPU
	EndGlobalSection
	GlobalSection(ProjectConfigurationPlatforms) = postSolution
		{63786062-4685-460D-90E0-7DABF456BAAA}.Debug|Any CPU.ActiveCfg = Debug|Any CPU
		{63786062-4685-460D-90E0-7DABF456BAAA}.Debug|Any CPU.Build.0 = Debug|Any CPU
		{63786062-4685-460D-90E0-7DABF456BAAA}.Release|Any CPU.ActiveCfg = Release|Any CPU
		{63786062-4685-460D-90E0-7DABF456BAAA}.Release|Any CPU.Build.0 = Release|Any CPU
	EndGlobalSection
	GlobalSection(SolutionProperties) = preSolution
		HideSolutionNode = FALSE
	EndGlobalSection
	GlobalSection(ExtensibilityGlobals) = postSolution
		SolutionGuid = {E0CB4F43-65EC-4596-AD4B-A973079A0DF0}
	EndGlobalSection
EndGlobal
