
Microsoft Visual Studio Solution File, Format Version 12.00
# Visual Studio Version 17
VisualStudioVersion = 17.4.33213.308
MinimumVisualStudioVersion = 10.0.40219.1
Project("{8BC9CEB8-8B4A-11D0-8D11-00A0C91BC942}") = "1 Lab", "1 Lab\1 Lab.vcxproj", "{BC4FA089-EBD2-4D34-BE47-DA227876BFF8}"
EndProject
Global
	GlobalSection(SolutionConfigurationPlatforms) = preSolution
		Debug|x64 = Debug|x64
		Debug|x86 = Debug|x86
		Release|x64 = Release|x64
		Release|x86 = Release|x86
	EndGlobalSection
	GlobalSection(ProjectConfigurationPlatforms) = postSolution
		{BC4FA089-EBD2-4D34-BE47-DA227876BFF8}.Debug|x64.ActiveCfg = Debug|x64
		{BC4FA089-EBD2-4D34-BE47-DA227876BFF8}.Debug|x64.Build.0 = Debug|x64
		{BC4FA089-EBD2-4D34-BE47-DA227876BFF8}.Debug|x86.ActiveCfg = Debug|Win32
		{BC4FA089-EBD2-4D34-BE47-DA227876BFF8}.Debug|x86.Build.0 = Debug|Win32
		{BC4FA089-EBD2-4D34-BE47-DA227876BFF8}.Release|x64.ActiveCfg = Release|x64
		{BC4FA089-EBD2-4D34-BE47-DA227876BFF8}.Release|x64.Build.0 = Release|x64
		{BC4FA089-EBD2-4D34-BE47-DA227876BFF8}.Release|x86.ActiveCfg = Release|Win32
		{BC4FA089-EBD2-4D34-BE47-DA227876BFF8}.Release|x86.Build.0 = Release|Win32
	EndGlobalSection
	GlobalSection(SolutionProperties) = preSolution
		HideSolutionNode = FALSE
	EndGlobalSection
	GlobalSection(ExtensibilityGlobals) = postSolution
		SolutionGuid = {D810AF50-F92F-4877-A197-623250E9C5EB}
	EndGlobalSection
EndGlobal
