
Microsoft Visual Studio Solution File, Format Version 12.00
# Visual Studio Version 17
VisualStudioVersion = 17.4.33213.308
MinimumVisualStudioVersion = 10.0.40219.1
Project("{8BC9CEB8-8B4A-11D0-8D11-00A0C91BC942}") = "2 Lab", "2 Lab\2 Lab.vcxproj", "{F90EE7A4-BA6A-468F-8933-5FB4332659B6}"
EndProject
Global
	GlobalSection(SolutionConfigurationPlatforms) = preSolution
		Debug|x64 = Debug|x64
		Debug|x86 = Debug|x86
		Release|x64 = Release|x64
		Release|x86 = Release|x86
	EndGlobalSection
	GlobalSection(ProjectConfigurationPlatforms) = postSolution
		{F90EE7A4-BA6A-468F-8933-5FB4332659B6}.Debug|x64.ActiveCfg = Debug|x64
		{F90EE7A4-BA6A-468F-8933-5FB4332659B6}.Debug|x64.Build.0 = Debug|x64
		{F90EE7A4-BA6A-468F-8933-5FB4332659B6}.Debug|x86.ActiveCfg = Debug|Win32
		{F90EE7A4-BA6A-468F-8933-5FB4332659B6}.Debug|x86.Build.0 = Debug|Win32
		{F90EE7A4-BA6A-468F-8933-5FB4332659B6}.Release|x64.ActiveCfg = Release|x64
		{F90EE7A4-BA6A-468F-8933-5FB4332659B6}.Release|x64.Build.0 = Release|x64
		{F90EE7A4-BA6A-468F-8933-5FB4332659B6}.Release|x86.ActiveCfg = Release|Win32
		{F90EE7A4-BA6A-468F-8933-5FB4332659B6}.Release|x86.Build.0 = Release|Win32
	EndGlobalSection
	GlobalSection(SolutionProperties) = preSolution
		HideSolutionNode = FALSE
	EndGlobalSection
	GlobalSection(ExtensibilityGlobals) = postSolution
		SolutionGuid = {DAE840DB-585C-4E0B-B92E-400F91E5E223}
	EndGlobalSection
EndGlobal
